
Microsoft Visual Studio Solution File, Format Version 12.00
# Visual Studio 15
VisualStudioVersion = 15.0.27703.2035
MinimumVisualStudioVersion = 10.0.40219.1
Project("{9A19103F-16F7-4668-BE54-9A1E7A4F7556}") = "BooksStore", "BooksStore\BooksStore.csproj", "{F9F0E0C7-C0D9-4E59-B5F2-0DAB36DB1ED3}"
EndProject
Project("{9A19103F-16F7-4668-BE54-9A1E7A4F7556}") = "BooksStore.Host", "BooksStore.Host\BooksStore.Host.csproj", "{AEB64814-67F6-441E-AE1D-A46D2BFE5CD8}"
EndProject
Project("{9A19103F-16F7-4668-BE54-9A1E7A4F7556}") = "BooksStore.Tests", "BooksStore.Tests\BooksStore.Tests.csproj", "{0A8F1F55-D9A7-4A0B-BBFA-D177732C7B00}"
EndProject
Project("{2150E333-8FDC-42A3-9474-1A3956D46DE8}") = "Solution Items", "Solution Items", "{52614C0C-231D-453E-B2B2-CB6739AEB89C}"
	ProjectSection(SolutionItems) = preProject
		readme.md = readme.md
	EndProjectSection
EndProject
Global
	GlobalSection(SolutionConfigurationPlatforms) = preSolution
		Debug|Any CPU = Debug|Any CPU
		Release|Any CPU = Release|Any CPU
	EndGlobalSection
	GlobalSection(ProjectConfigurationPlatforms) = postSolution
		{F9F0E0C7-C0D9-4E59-B5F2-0DAB36DB1ED3}.Debug|Any CPU.ActiveCfg = Debug|Any CPU
		{F9F0E0C7-C0D9-4E59-B5F2-0DAB36DB1ED3}.Debug|Any CPU.Build.0 = Debug|Any CPU
		{F9F0E0C7-C0D9-4E59-B5F2-0DAB36DB1ED3}.Release|Any CPU.ActiveCfg = Release|Any CPU
		{F9F0E0C7-C0D9-4E59-B5F2-0DAB36DB1ED3}.Release|Any CPU.Build.0 = Release|Any CPU
		{AEB64814-67F6-441E-AE1D-A46D2BFE5CD8}.Debug|Any CPU.ActiveCfg = Debug|Any CPU
		{AEB64814-67F6-441E-AE1D-A46D2BFE5CD8}.Debug|Any CPU.Build.0 = Debug|Any CPU
		{AEB64814-67F6-441E-AE1D-A46D2BFE5CD8}.Release|Any CPU.ActiveCfg = Release|Any CPU
		{AEB64814-67F6-441E-AE1D-A46D2BFE5CD8}.Release|Any CPU.Build.0 = Release|Any CPU
		{0A8F1F55-D9A7-4A0B-BBFA-D177732C7B00}.Debug|Any CPU.ActiveCfg = Debug|Any CPU
		{0A8F1F55-D9A7-4A0B-BBFA-D177732C7B00}.Debug|Any CPU.Build.0 = Debug|Any CPU
		{0A8F1F55-D9A7-4A0B-BBFA-D177732C7B00}.Release|Any CPU.ActiveCfg = Release|Any CPU
		{0A8F1F55-D9A7-4A0B-BBFA-D177732C7B00}.Release|Any CPU.Build.0 = Release|Any CPU
	EndGlobalSection
	GlobalSection(SolutionProperties) = preSolution
		HideSolutionNode = FALSE
	EndGlobalSection
	GlobalSection(ExtensibilityGlobals) = postSolution
		SolutionGuid = {0DA39275-344C-4005-BC38-225FAD4061A1}
	EndGlobalSection
EndGlobal
